// !$*UTF8*$!
{
	archiveVersion = 1;
	classes = {
	};
	objectVersion = 56;
	objects = {

/* Begin PBXBuildFile section */
		21A9F1092A40B272000AA800 /* GitHubUsersAppApp.swift in Sources */ = {isa = PBXBuildFile; fileRef = 21A9F1082A40B272000AA800 /* GitHubUsersAppApp.swift */; };
		21A9F10B2A40B272000AA800 /* AboutUserView.swift in Sources */ = {isa = PBXBuildFile; fileRef = 21A9F10A2A40B272000AA800 /* AboutUserView.swift */; };
		21A9F10D2A40B273000AA800 /* Assets.xcassets in Resources */ = {isa = PBXBuildFile; fileRef = 21A9F10C2A40B273000AA800 /* Assets.xcassets */; };
		21A9F1102A40B273000AA800 /* Preview Assets.xcassets in Resources */ = {isa = PBXBuildFile; fileRef = 21A9F10F2A40B273000AA800 /* Preview Assets.xcassets */; };
		21A9F1172A40BEB6000AA800 /* MainListView.swift in Sources */ = {isa = PBXBuildFile; fileRef = 21A9F1162A40BEB6000AA800 /* MainListView.swift */; };
		21A9F11C2A40C00E000AA800 /* MainListViewModel.swift in Sources */ = {isa = PBXBuildFile; fileRef = 21A9F11B2A40C00E000AA800 /* MainListViewModel.swift */; };
		21A9F11F2A40C04D000AA800 /* User.swift in Sources */ = {isa = PBXBuildFile; fileRef = 21A9F11E2A40C04D000AA800 /* User.swift */; };
		21A9F1212A40C05F000AA800 /* AppError.swift in Sources */ = {isa = PBXBuildFile; fileRef = 21A9F1202A40C05F000AA800 /* AppError.swift */; };
		21A9F1232A40C279000AA800 /* SearchItem.swift in Sources */ = {isa = PBXBuildFile; fileRef = 21A9F1222A40C279000AA800 /* SearchItem.swift */; };
		21A9F1262A41FBEF000AA800 /* AvatarImageView.swift in Sources */ = {isa = PBXBuildFile; fileRef = 21A9F1252A41FBEF000AA800 /* AvatarImageView.swift */; };
		21A9F1282A423E39000AA800 /* AboutUserViewModel.swift in Sources */ = {isa = PBXBuildFile; fileRef = 21A9F1272A423E39000AA800 /* AboutUserViewModel.swift */; };
		21A9F12A2A4359AF000AA800 /* ErrorView.swift in Sources */ = {isa = PBXBuildFile; fileRef = 21A9F1292A4359AF000AA800 /* ErrorView.swift */; };
/* End PBXBuildFile section */

/* Begin PBXFileReference section */
		21A9F1052A40B272000AA800 /* GitHubUsersApp.app */ = {isa = PBXFileReference; explicitFileType = wrapper.application; includeInIndex = 0; path = GitHubUsersApp.app; sourceTree = BUILT_PRODUCTS_DIR; };
		21A9F1082A40B272000AA800 /* GitHubUsersAppApp.swift */ = {isa = PBXFileReference; lastKnownFileType = sourcecode.swift; path = GitHubUsersAppApp.swift; sourceTree = "<group>"; };
		21A9F10A2A40B272000AA800 /* AboutUserView.swift */ = {isa = PBXFileReference; lastKnownFileType = sourcecode.swift; path = AboutUserView.swift; sourceTree = "<group>"; };
		21A9F10C2A40B273000AA800 /* Assets.xcassets */ = {isa = PBXFileReference; lastKnownFileType = folder.assetcatalog; path = Assets.xcassets; sourceTree = "<group>"; };
		21A9F10F2A40B273000AA800 /* Preview Assets.xcassets */ = {isa = PBXFileReference; lastKnownFileType = folder.assetcatalog; path = "Preview Assets.xcassets"; sourceTree = "<group>"; };
		21A9F1162A40BEB6000AA800 /* MainListView.swift */ = {isa = PBXFileReference; lastKnownFileType = sourcecode.swift; path = MainListView.swift; sourceTree = "<group>"; };
		21A9F11B2A40C00E000AA800 /* MainListViewModel.swift */ = {isa = PBXFileReference; lastKnownFileType = sourcecode.swift; path = MainListViewModel.swift; sourceTree = "<group>"; };
		21A9F11E2A40C04D000AA800 /* User.swift */ = {isa = PBXFileReference; lastKnownFileType = sourcecode.swift; path = User.swift; sourceTree = "<group>"; };
		21A9F1202A40C05F000AA800 /* AppError.swift */ = {isa = PBXFileReference; lastKnownFileType = sourcecode.swift; path = AppError.swift; sourceTree = "<group>"; };
		21A9F1222A40C279000AA800 /* SearchItem.swift */ = {isa = PBXFileReference; lastKnownFileType = sourcecode.swift; path = SearchItem.swift; sourceTree = "<group>"; };
		21A9F1252A41FBEF000AA800 /* AvatarImageView.swift */ = {isa = PBXFileReference; lastKnownFileType = sourcecode.swift; path = AvatarImageView.swift; sourceTree = "<group>"; };
		21A9F1272A423E39000AA800 /* AboutUserViewModel.swift */ = {isa = PBXFileReference; lastKnownFileType = sourcecode.swift; path = AboutUserViewModel.swift; sourceTree = "<group>"; };
		21A9F1292A4359AF000AA800 /* ErrorView.swift */ = {isa = PBXFileReference; lastKnownFileType = sourcecode.swift; path = ErrorView.swift; sourceTree = "<group>"; };
/* End PBXFileReference section */

/* Begin PBXFrameworksBuildPhase section */
		21A9F1022A40B272000AA800 /* Frameworks */ = {
			isa = PBXFrameworksBuildPhase;
			buildActionMask = 2147483647;
			files = (
			);
			runOnlyForDeploymentPostprocessing = 0;
		};
/* End PBXFrameworksBuildPhase section */

/* Begin PBXGroup section */
		21A9F0FC2A40B272000AA800 = {
			isa = PBXGroup;
			children = (
				21A9F1072A40B272000AA800 /* GitHubUsersApp */,
				21A9F1062A40B272000AA800 /* Products */,
			);
			sourceTree = "<group>";
		};
		21A9F1062A40B272000AA800 /* Products */ = {
			isa = PBXGroup;
			children = (
				21A9F1052A40B272000AA800 /* GitHubUsersApp.app */,
			);
			name = Products;
			sourceTree = "<group>";
		};
		21A9F1072A40B272000AA800 /* GitHubUsersApp */ = {
			isa = PBXGroup;
			children = (
				21A9F11D2A40C032000AA800 /* Entity */,
				21A9F1182A40BFA7000AA800 /* View */,
				21A9F1082A40B272000AA800 /* GitHubUsersAppApp.swift */,
				21A9F10C2A40B273000AA800 /* Assets.xcassets */,
				21A9F10E2A40B273000AA800 /* Preview Content */,
			);
			path = GitHubUsersApp;
			sourceTree = "<group>";
		};
		21A9F10E2A40B273000AA800 /* Preview Content */ = {
			isa = PBXGroup;
			children = (
				21A9F10F2A40B273000AA800 /* Preview Assets.xcassets */,
			);
			path = "Preview Content";
			sourceTree = "<group>";
		};
		21A9F1182A40BFA7000AA800 /* View */ = {
			isa = PBXGroup;
			children = (
				21A9F1242A41FBD7000AA800 /* Helpers */,
				21A9F11A2A40BFC1000AA800 /* About */,
				21A9F1192A40BFBC000AA800 /* Main */,
			);
			path = View;
			sourceTree = "<group>";
		};
		21A9F1192A40BFBC000AA800 /* Main */ = {
			isa = PBXGroup;
			children = (
				21A9F1162A40BEB6000AA800 /* MainListView.swift */,
				21A9F11B2A40C00E000AA800 /* MainListViewModel.swift */,
			);
			path = Main;
			sourceTree = "<group>";
		};
		21A9F11A2A40BFC1000AA800 /* About */ = {
			isa = PBXGroup;
			children = (
				21A9F10A2A40B272000AA800 /* AboutUserView.swift */,
				21A9F1272A423E39000AA800 /* AboutUserViewModel.swift */,
			);
			path = About;
			sourceTree = "<group>";
		};
		21A9F11D2A40C032000AA800 /* Entity */ = {
			isa = PBXGroup;
			children = (
				21A9F11E2A40C04D000AA800 /* User.swift */,
				21A9F1202A40C05F000AA800 /* AppError.swift */,
				21A9F1222A40C279000AA800 /* SearchItem.swift */,
			);
			path = Entity;
			sourceTree = "<group>";
		};
		21A9F1242A41FBD7000AA800 /* Helpers */ = {
			isa = PBXGroup;
			children = (
				21A9F1252A41FBEF000AA800 /* AvatarImageView.swift */,
				21A9F1292A4359AF000AA800 /* ErrorView.swift */,
			);
			path = Helpers;
			sourceTree = "<group>";
		};
/* End PBXGroup section */

/* Begin PBXNativeTarget section */
		21A9F1042A40B272000AA800 /* GitHubUsersApp */ = {
			isa = PBXNativeTarget;
			buildConfigurationList = 21A9F1132A40B273000AA800 /* Build configuration list for PBXNativeTarget "GitHubUsersApp" */;
			buildPhases = (
				21A9F1012A40B272000AA800 /* Sources */,
				21A9F1022A40B272000AA800 /* Frameworks */,
				21A9F1032A40B272000AA800 /* Resources */,
			);
			buildRules = (
			);
			dependencies = (
			);
			name = GitHubUsersApp;
			productName = GitHubUsersApp;
			productReference = 21A9F1052A40B272000AA800 /* GitHubUsersApp.app */;
			productType = "com.apple.product-type.application";
		};
/* End PBXNativeTarget section */

/* Begin PBXProject section */
		21A9F0FD2A40B272000AA800 /* Project object */ = {
			isa = PBXProject;
			attributes = {
				BuildIndependentTargetsInParallel = 1;
				LastSwiftUpdateCheck = 1430;
				LastUpgradeCheck = 1430;
				TargetAttributes = {
					21A9F1042A40B272000AA800 = {
						CreatedOnToolsVersion = 14.3;
					};
				};
			};
			buildConfigurationList = 21A9F1002A40B272000AA800 /* Build configuration list for PBXProject "GitHubUsersApp" */;
			compatibilityVersion = "Xcode 14.0";
			developmentRegion = en;
			hasScannedForEncodings = 0;
			knownRegions = (
				en,
				Base,
			);
			mainGroup = 21A9F0FC2A40B272000AA800;
			productRefGroup = 21A9F1062A40B272000AA800 /* Products */;
			projectDirPath = "";
			projectRoot = "";
			targets = (
				21A9F1042A40B272000AA800 /* GitHubUsersApp */,
			);
		};
/* End PBXProject section */

/* Begin PBXResourcesBuildPhase section */
		21A9F1032A40B272000AA800 /* Resources */ = {
			isa = PBXResourcesBuildPhase;
			buildActionMask = 2147483647;
			files = (
				21A9F1102A40B273000AA800 /* Preview Assets.xcassets in Resources */,
				21A9F10D2A40B273000AA800 /* Assets.xcassets in Resources */,
			);
			runOnlyForDeploymentPostprocessing = 0;
		};
/* End PBXResourcesBuildPhase section */

/* Begin PBXSourcesBuildPhase section */
		21A9F1012A40B272000AA800 /* Sources */ = {
			isa = PBXSourcesBuildPhase;
			buildActionMask = 2147483647;
			files = (
				21A9F10B2A40B272000AA800 /* AboutUserView.swift in Sources */,
				21A9F1172A40BEB6000AA800 /* MainListView.swift in Sources */,
				21A9F1212A40C05F000AA800 /* AppError.swift in Sources */,
				21A9F1092A40B272000AA800 /* GitHubUsersAppApp.swift in Sources */,
				21A9F11C2A40C00E000AA800 /* MainListViewModel.swift in Sources */,
				21A9F12A2A4359AF000AA800 /* ErrorView.swift in Sources */,
				21A9F1282A423E39000AA800 /* AboutUserViewModel.swift in Sources */,
				21A9F1262A41FBEF000AA800 /* AvatarImageView.swift in Sources */,
				21A9F1232A40C279000AA800 /* SearchItem.swift in Sources */,
				21A9F11F2A40C04D000AA800 /* User.swift in Sources */,
			);
			runOnlyForDeploymentPostprocessing = 0;
		};
/* End PBXSourcesBuildPhase section */

/* Begin XCBuildConfiguration section */
		21A9F1112A40B273000AA800 /* Debug */ = {
			isa = XCBuildConfiguration;
			buildSettings = {
				ALWAYS_SEARCH_USER_PATHS = NO;
				CLANG_ANALYZER_NONNULL = YES;
				CLANG_ANALYZER_NUMBER_OBJECT_CONVERSION = YES_AGGRESSIVE;
				CLANG_CXX_LANGUAGE_STANDARD = "gnu++20";
				CLANG_ENABLE_MODULES = YES;
				CLANG_ENABLE_OBJC_ARC = YES;
				CLANG_ENABLE_OBJC_WEAK = YES;
				CLANG_WARN_BLOCK_CAPTURE_AUTORELEASING = YES;
				CLANG_WARN_BOOL_CONVERSION = YES;
				CLANG_WARN_COMMA = YES;
				CLANG_WARN_CONSTANT_CONVERSION = YES;
				CLANG_WARN_DEPRECATED_OBJC_IMPLEMENTATIONS = YES;
				CLANG_WARN_DIRECT_OBJC_ISA_USAGE = YES_ERROR;
				CLANG_WARN_DOCUMENTATION_COMMENTS = YES;
				CLANG_WARN_EMPTY_BODY = YES;
				CLANG_WARN_ENUM_CONVERSION = YES;
				CLANG_WARN_INFINITE_RECURSION = YES;
				CLANG_WARN_INT_CONVERSION = YES;
				CLANG_WARN_NON_LITERAL_NULL_CONVERSION = YES;
				CLANG_WARN_OBJC_IMPLICIT_RETAIN_SELF = YES;
				CLANG_WARN_OBJC_LITERAL_CONVERSION = YES;
				CLANG_WARN_OBJC_ROOT_CLASS = YES_ERROR;
				CLANG_WARN_QUOTED_INCLUDE_IN_FRAMEWORK_HEADER = YES;
				CLANG_WARN_RANGE_LOOP_ANALYSIS = YES;
				CLANG_WARN_STRICT_PROTOTYPES = YES;
				CLANG_WARN_SUSPICIOUS_MOVE = YES;
				CLANG_WARN_UNGUARDED_AVAILABILITY = YES_AGGRESSIVE;
				CLANG_WARN_UNREACHABLE_CODE = YES;
				CLANG_WARN__DUPLICATE_METHOD_MATCH = YES;
				COPY_PHASE_STRIP = NO;
				DEBUG_INFORMATION_FORMAT = dwarf;
				ENABLE_STRICT_OBJC_MSGSEND = YES;
				ENABLE_TESTABILITY = YES;
				GCC_C_LANGUAGE_STANDARD = gnu11;
				GCC_DYNAMIC_NO_PIC = NO;
				GCC_NO_COMMON_BLOCKS = YES;
				GCC_OPTIMIZATION_LEVEL = 0;
				GCC_PREPROCESSOR_DEFINITIONS = (
					"DEBUG=1",
					"$(inherited)",
				);
				GCC_WARN_64_TO_32_BIT_CONVERSION = YES;
				GCC_WARN_ABOUT_RETURN_TYPE = YES_ERROR;
				GCC_WARN_UNDECLARED_SELECTOR = YES;
				GCC_WARN_UNINITIALIZED_AUTOS = YES_AGGRESSIVE;
				GCC_WARN_UNUSED_FUNCTION = YES;
				GCC_WARN_UNUSED_VARIABLE = YES;
				IPHONEOS_DEPLOYMENT_TARGET = 16.4;
				MTL_ENABLE_DEBUG_INFO = INCLUDE_SOURCE;
				MTL_FAST_MATH = YES;
				ONLY_ACTIVE_ARCH = YES;
				SDKROOT = iphoneos;
				SWIFT_ACTIVE_COMPILATION_CONDITIONS = DEBUG;
				SWIFT_OPTIMIZATION_LEVEL = "-Onone";
			};
			name = Debug;
		};
		21A9F1122A40B273000AA800 /* Release */ = {
			isa = XCBuildConfiguration;
			buildSettings = {
				ALWAYS_SEARCH_USER_PATHS = NO;
				CLANG_ANALYZER_NONNULL = YES;
				CLANG_ANALYZER_NUMBER_OBJECT_CONVERSION = YES_AGGRESSIVE;
				CLANG_CXX_LANGUAGE_STANDARD = "gnu++20";
				CLANG_ENABLE_MODULES = YES;
				CLANG_ENABLE_OBJC_ARC = YES;
				CLANG_ENABLE_OBJC_WEAK = YES;
				CLANG_WARN_BLOCK_CAPTURE_AUTORELEASING = YES;
				CLANG_WARN_BOOL_CONVERSION = YES;
				CLANG_WARN_COMMA = YES;
				CLANG_WARN_CONSTANT_CONVERSION = YES;
				CLANG_WARN_DEPRECATED_OBJC_IMPLEMENTATIONS = YES;
				CLANG_WARN_DIRECT_OBJC_ISA_USAGE = YES_ERROR;
				CLANG_WARN_DOCUMENTATION_COMMENTS = YES;
				CLANG_WARN_EMPTY_BODY = YES;
				CLANG_WARN_ENUM_CONVERSION = YES;
				CLANG_WARN_INFINITE_RECURSION = YES;
				CLANG_WARN_INT_CONVERSION = YES;
				CLANG_WARN_NON_LITERAL_NULL_CONVERSION = YES;
				CLANG_WARN_OBJC_IMPLICIT_RETAIN_SELF = YES;
				CLANG_WARN_OBJC_LITERAL_CONVERSION = YES;
				CLANG_WARN_OBJC_ROOT_CLASS = YES_ERROR;
				CLANG_WARN_QUOTED_INCLUDE_IN_FRAMEWORK_HEADER = YES;
				CLANG_WARN_RANGE_LOOP_ANALYSIS = YES;
				CLANG_WARN_STRICT_PROTOTYPES = YES;
				CLANG_WARN_SUSPICIOUS_MOVE = YES;
				CLANG_WARN_UNGUARDED_AVAILABILITY = YES_AGGRESSIVE;
				CLANG_WARN_UNREACHABLE_CODE = YES;
				CLANG_WARN__DUPLICATE_METHOD_MATCH = YES;
				COPY_PHASE_STRIP = NO;
				DEBUG_INFORMATION_FORMAT = "dwarf-with-dsym";
				ENABLE_NS_ASSERTIONS = NO;
				ENABLE_STRICT_OBJC_MSGSEND = YES;
				GCC_C_LANGUAGE_STANDARD = gnu11;
				GCC_NO_COMMON_BLOCKS = YES;
				GCC_WARN_64_TO_32_BIT_CONVERSION = YES;
				GCC_WARN_ABOUT_RETURN_TYPE = YES_ERROR;
				GCC_WARN_UNDECLARED_SELECTOR = YES;
				GCC_WARN_UNINITIALIZED_AUTOS = YES_AGGRESSIVE;
				GCC_WARN_UNUSED_FUNCTION = YES;
				GCC_WARN_UNUSED_VARIABLE = YES;
				IPHONEOS_DEPLOYMENT_TARGET = 16.4;
				MTL_ENABLE_DEBUG_INFO = NO;
				MTL_FAST_MATH = YES;
				SDKROOT = iphoneos;
				SWIFT_COMPILATION_MODE = wholemodule;
				SWIFT_OPTIMIZATION_LEVEL = "-O";
				VALIDATE_PRODUCT = YES;
			};
			name = Release;
		};
		21A9F1142A40B273000AA800 /* Debug */ = {
			isa = XCBuildConfiguration;
			buildSettings = {
				ASSETCATALOG_COMPILER_APPICON_NAME = AppIcon;
				ASSETCATALOG_COMPILER_GLOBAL_ACCENT_COLOR_NAME = AccentColor;
				CODE_SIGN_STYLE = Automatic;
				CURRENT_PROJECT_VERSION = 1;
				DEVELOPMENT_ASSET_PATHS = "\"GitHubUsersApp/Preview Content\"";
				DEVELOPMENT_TEAM = 4524FJSV52;
				ENABLE_PREVIEWS = YES;
				GENERATE_INFOPLIST_FILE = YES;
				INFOPLIST_KEY_UIApplicationSceneManifest_Generation = YES;
				INFOPLIST_KEY_UIApplicationSupportsIndirectInputEvents = YES;
				INFOPLIST_KEY_UILaunchScreen_Generation = YES;
				INFOPLIST_KEY_UISupportedInterfaceOrientations_iPad = "UIInterfaceOrientationPortrait UIInterfaceOrientationPortraitUpsideDown UIInterfaceOrientationLandscapeLeft UIInterfaceOrientationLandscapeRight";
				INFOPLIST_KEY_UISupportedInterfaceOrientations_iPhone = "UIInterfaceOrientationPortrait UIInterfaceOrientationLandscapeLeft UIInterfaceOrientationLandscapeRight";
				IPHONEOS_DEPLOYMENT_TARGET = 15.0;
				LD_RUNPATH_SEARCH_PATHS = (
					"$(inherited)",
					"@executable_path/Frameworks",
				);
				MARKETING_VERSION = 1.0;
				PRODUCT_BUNDLE_IDENTIFIER = ru.myOrg.GitHubUsersApp;
				PRODUCT_NAME = "$(TARGET_NAME)";
				SWIFT_EMIT_LOC_STRINGS = YES;
				SWIFT_VERSION = 5.0;
				TARGETED_DEVICE_FAMILY = "1,2";
			};
			name = Debug;
		};
		21A9F1152A40B273000AA800 /* Release */ = {
			isa = XCBuildConfiguration;
			buildSettings = {
				ASSETCATALOG_COMPILER_APPICON_NAME = AppIcon;
				ASSETCATALOG_COMPILER_GLOBAL_ACCENT_COLOR_NAME = AccentColor;
				CODE_SIGN_STYLE = Automatic;
				CURRENT_PROJECT_VERSION = 1;
				DEVELOPMENT_ASSET_PATHS = "\"GitHubUsersApp/Preview Content\"";
				DEVELOPMENT_TEAM = 4524FJSV52;
				ENABLE_PREVIEWS = YES;
				GENERATE_INFOPLIST_FILE = YES;
				INFOPLIST_KEY_UIApplicationSceneManifest_Generation = YES;
				INFOPLIST_KEY_UIApplicationSupportsIndirectInputEvents = YES;
				INFOPLIST_KEY_UILaunchScreen_Generation = YES;
				INFOPLIST_KEY_UISupportedInterfaceOrientations_iPad = "UIInterfaceOrientationPortrait UIInterfaceOrientationPortraitUpsideDown UIInterfaceOrientationLandscapeLeft UIInterfaceOrientationLandscapeRight";
				INFOPLIST_KEY_UISupportedInterfaceOrientations_iPhone = "UIInterfaceOrientationPortrait UIInterfaceOrientationLandscapeLeft UIInterfaceOrientationLandscapeRight";
				IPHONEOS_DEPLOYMENT_TARGET = 15.0;
				LD_RUNPATH_SEARCH_PATHS = (
					"$(inherited)",
					"@executable_path/Frameworks",
				);
				MARKETING_VERSION = 1.0;
				PRODUCT_BUNDLE_IDENTIFIER = ru.myOrg.GitHubUsersApp;
				PRODUCT_NAME = "$(TARGET_NAME)";
				SWIFT_EMIT_LOC_STRINGS = YES;
				SWIFT_VERSION = 5.0;
				TARGETED_DEVICE_FAMILY = "1,2";
			};
			name = Release;
		};
/* End XCBuildConfiguration section */

/* Begin XCConfigurationList section */
		21A9F1002A40B272000AA800 /* Build configuration list for PBXProject "GitHubUsersApp" */ = {
			isa = XCConfigurationList;
			buildConfigurations = (
				21A9F1112A40B273000AA800 /* Debug */,
				21A9F1122A40B273000AA800 /* Release */,
			);
			defaultConfigurationIsVisible = 0;
			defaultConfigurationName = Release;
		};
		21A9F1132A40B273000AA800 /* Build configuration list for PBXNativeTarget "GitHubUsersApp" */ = {
			isa = XCConfigurationList;
			buildConfigurations = (
				21A9F1142A40B273000AA800 /* Debug */,
				21A9F1152A40B273000AA800 /* Release */,
			);
			defaultConfigurationIsVisible = 0;
			defaultConfigurationName = Release;
		};
/* End XCConfigurationList section */
	};
	rootObject = 21A9F0FD2A40B272000AA800 /* Project object */;
}
